
Microsoft Visual Studio Solution File, Format Version 12.00
# Visual Studio Version 17
VisualStudioVersion = 17.7.33711.374
MinimumVisualStudioVersion = 10.0.40219.1
Project("{9A19103F-16F7-4668-BE54-9A1E7A4F7556}") = "Magic365.AI.Functions", "Magic365.AI.Functions\Magic365.AI.Functions.csproj", "{799C4A45-107A-4CD3-8BFD-47FFDBCB2DE8}"
EndProject
Project("{2150E333-8FDC-42A3-9474-1A3956D46DE8}") = "Server", "Server", "{C78325CC-3529-4517-BF76-0ED51328EBE5}"
EndProject
Project("{9A19103F-16F7-4668-BE54-9A1E7A4F7556}") = "Magic365.Api", "Magic365.Api\Magic365.Api.csproj", "{4ECA741F-C41E-461F-B4C1-E8BEC7CE6CD3}"
EndProject
Project("{9A19103F-16F7-4668-BE54-9A1E7A4F7556}") = "Magic365.Core", "Magic365.Core\Magic365.Core.csproj", "{EFCC8B4E-2943-4FE0-A910-1140B783127E}"
EndProject
Project("{2150E333-8FDC-42A3-9474-1A3956D46DE8}") = "Shared", "Shared", "{5007640A-FBC5-4795-938D-9A9E64B2DC61}"
EndProject
Project("{2150E333-8FDC-42A3-9474-1A3956D46DE8}") = "Client", "Client", "{245E8839-C6AD-406D-B74F-24CC79A29FC2}"
EndProject
Project("{9A19103F-16F7-4668-BE54-9A1E7A4F7556}") = "Magic365.Client.WinUI", "Magic365.Client.WinUI\Magic365.Client.WinUI.csproj", "{C7CB649A-2CD7-4505-BDC0-D25F173F406C}"
EndProject
Project("{9A19103F-16F7-4668-BE54-9A1E7A4F7556}") = "Magic365.Client.ViewModels", "Magic365.Client.ViewModels\Magic365.Client.ViewModels.csproj", "{7E086925-7484-491C-95C0-280B88ECF967}"
EndProject
Project("{9A19103F-16F7-4668-BE54-9A1E7A4F7556}") = "Magic365.Shared", "Magic365.Shared\Magic365.Shared.csproj", "{82C90C1D-D6E1-4B68-8333-3666376577E9}"
EndProject
Global
	GlobalSection(SolutionConfigurationPlatforms) = preSolution
		Debug|Any CPU = Debug|Any CPU
		Debug|ARM64 = Debug|ARM64
		Debug|x64 = Debug|x64
		Debug|x86 = Debug|x86
		Release|Any CPU = Release|Any CPU
		Release|ARM64 = Release|ARM64
		Release|x64 = Release|x64
		Release|x86 = Release|x86
	EndGlobalSection
	GlobalSection(ProjectConfigurationPlatforms) = postSolution
		{799C4A45-107A-4CD3-8BFD-47FFDBCB2DE8}.Debug|Any CPU.ActiveCfg = Debug|Any CPU
		{799C4A45-107A-4CD3-8BFD-47FFDBCB2DE8}.Debug|Any CPU.Build.0 = Debug|Any CPU
		{799C4A45-107A-4CD3-8BFD-47FFDBCB2DE8}.Debug|ARM64.ActiveCfg = Debug|Any CPU
		{799C4A45-107A-4CD3-8BFD-47FFDBCB2DE8}.Debug|ARM64.Build.0 = Debug|Any CPU
		{799C4A45-107A-4CD3-8BFD-47FFDBCB2DE8}.Debug|x64.ActiveCfg = Debug|Any CPU
		{799C4A45-107A-4CD3-8BFD-47FFDBCB2DE8}.Debug|x64.Build.0 = Debug|Any CPU
		{799C4A45-107A-4CD3-8BFD-47FFDBCB2DE8}.Debug|x86.ActiveCfg = Debug|Any CPU
		{799C4A45-107A-4CD3-8BFD-47FFDBCB2DE8}.Debug|x86.Build.0 = Debug|Any CPU
		{799C4A45-107A-4CD3-8BFD-47FFDBCB2DE8}.Release|Any CPU.ActiveCfg = Release|Any CPU
		{799C4A45-107A-4CD3-8BFD-47FFDBCB2DE8}.Release|Any CPU.Build.0 = Release|Any CPU
		{799C4A45-107A-4CD3-8BFD-47FFDBCB2DE8}.Release|ARM64.ActiveCfg = Release|Any CPU
		{799C4A45-107A-4CD3-8BFD-47FFDBCB2DE8}.Release|ARM64.Build.0 = Release|Any CPU
		{799C4A45-107A-4CD3-8BFD-47FFDBCB2DE8}.Release|x64.ActiveCfg = Release|Any CPU
		{799C4A45-107A-4CD3-8BFD-47FFDBCB2DE8}.Release|x64.Build.0 = Release|Any CPU
		{799C4A45-107A-4CD3-8BFD-47FFDBCB2DE8}.Release|x86.ActiveCfg = Release|Any CPU
		{799C4A45-107A-4CD3-8BFD-47FFDBCB2DE8}.Release|x86.Build.0 = Release|Any CPU
		{4ECA741F-C41E-461F-B4C1-E8BEC7CE6CD3}.Debug|Any CPU.ActiveCfg = Debug|Any CPU
		{4ECA741F-C41E-461F-B4C1-E8BEC7CE6CD3}.Debug|Any CPU.Build.0 = Debug|Any CPU
		{4ECA741F-C41E-461F-B4C1-E8BEC7CE6CD3}.Debug|ARM64.ActiveCfg = Debug|Any CPU
		{4ECA741F-C41E-461F-B4C1-E8BEC7CE6CD3}.Debug|ARM64.Build.0 = Debug|Any CPU
		{4ECA741F-C41E-461F-B4C1-E8BEC7CE6CD3}.Debug|x64.ActiveCfg = Debug|Any CPU
		{4ECA741F-C41E-461F-B4C1-E8BEC7CE6CD3}.Debug|x64.Build.0 = Debug|Any CPU
		{4ECA741F-C41E-461F-B4C1-E8BEC7CE6CD3}.Debug|x86.ActiveCfg = Debug|Any CPU
		{4ECA741F-C41E-461F-B4C1-E8BEC7CE6CD3}.Debug|x86.Build.0 = Debug|Any CPU
		{4ECA741F-C41E-461F-B4C1-E8BEC7CE6CD3}.Release|Any CPU.ActiveCfg = Release|Any CPU
		{4ECA741F-C41E-461F-B4C1-E8BEC7CE6CD3}.Release|Any CPU.Build.0 = Release|Any CPU
		{4ECA741F-C41E-461F-B4C1-E8BEC7CE6CD3}.Release|ARM64.ActiveCfg = Release|Any CPU
		{4ECA741F-C41E-461F-B4C1-E8BEC7CE6CD3}.Release|ARM64.Build.0 = Release|Any CPU
		{4ECA741F-C41E-461F-B4C1-E8BEC7CE6CD3}.Release|x64.ActiveCfg = Release|Any CPU
		{4ECA741F-C41E-461F-B4C1-E8BEC7CE6CD3}.Release|x64.Build.0 = Release|Any CPU
		{4ECA741F-C41E-461F-B4C1-E8BEC7CE6CD3}.Release|x86.ActiveCfg = Release|Any CPU
		{4ECA741F-C41E-461F-B4C1-E8BEC7CE6CD3}.Release|x86.Build.0 = Release|Any CPU
		{EFCC8B4E-2943-4FE0-A910-1140B783127E}.Debug|Any CPU.ActiveCfg = Debug|Any CPU
		{EFCC8B4E-2943-4FE0-A910-1140B783127E}.Debug|Any CPU.Build.0 = Debug|Any CPU
		{EFCC8B4E-2943-4FE0-A910-1140B783127E}.Debug|ARM64.ActiveCfg = Debug|Any CPU
		{EFCC8B4E-2943-4FE0-A910-1140B783127E}.Debug|ARM64.Build.0 = Debug|Any CPU
		{EFCC8B4E-2943-4FE0-A910-1140B783127E}.Debug|x64.ActiveCfg = Debug|Any CPU
		{EFCC8B4E-2943-4FE0-A910-1140B783127E}.Debug|x64.Build.0 = Debug|Any CPU
		{EFCC8B4E-2943-4FE0-A910-1140B783127E}.Debug|x86.ActiveCfg = Debug|Any CPU
		{EFCC8B4E-2943-4FE0-A910-1140B783127E}.Debug|x86.Build.0 = Debug|Any CPU
		{EFCC8B4E-2943-4FE0-A910-1140B783127E}.Release|Any CPU.ActiveCfg = Release|Any CPU
		{EFCC8B4E-2943-4FE0-A910-1140B783127E}.Release|Any CPU.Build.0 = Release|Any CPU
		{EFCC8B4E-2943-4FE0-A910-1140B783127E}.Release|ARM64.ActiveCfg = Release|Any CPU
		{EFCC8B4E-2943-4FE0-A910-1140B783127E}.Release|ARM64.Build.0 = Release|Any CPU
		{EFCC8B4E-2943-4FE0-A910-1140B783127E}.Release|x64.ActiveCfg = Release|Any CPU
		{EFCC8B4E-2943-4FE0-A910-1140B783127E}.Release|x64.Build.0 = Release|Any CPU
		{EFCC8B4E-2943-4FE0-A910-1140B783127E}.Release|x86.ActiveCfg = Release|Any CPU
		{EFCC8B4E-2943-4FE0-A910-1140B783127E}.Release|x86.Build.0 = Release|Any CPU
		{C7CB649A-2CD7-4505-BDC0-D25F173F406C}.Debug|Any CPU.ActiveCfg = Debug|x64
		{C7CB649A-2CD7-4505-BDC0-D25F173F406C}.Debug|Any CPU.Build.0 = Debug|x64
		{C7CB649A-2CD7-4505-BDC0-D25F173F406C}.Debug|Any CPU.Deploy.0 = Debug|x64
		{C7CB649A-2CD7-4505-BDC0-D25F173F406C}.Debug|ARM64.ActiveCfg = Debug|ARM64
		{C7CB649A-2CD7-4505-BDC0-D25F173F406C}.Debug|ARM64.Build.0 = Debug|ARM64
		{C7CB649A-2CD7-4505-BDC0-D25F173F406C}.Debug|ARM64.Deploy.0 = Debug|ARM64
		{C7CB649A-2CD7-4505-BDC0-D25F173F406C}.Debug|x64.ActiveCfg = Debug|x64
		{C7CB649A-2CD7-4505-BDC0-D25F173F406C}.Debug|x64.Build.0 = Debug|x64
		{C7CB649A-2CD7-4505-BDC0-D25F173F406C}.Debug|x64.Deploy.0 = Debug|x64
		{C7CB649A-2CD7-4505-BDC0-D25F173F406C}.Debug|x86.ActiveCfg = Debug|x86
		{C7CB649A-2CD7-4505-BDC0-D25F173F406C}.Debug|x86.Build.0 = Debug|x86
		{C7CB649A-2CD7-4505-BDC0-D25F173F406C}.Debug|x86.Deploy.0 = Debug|x86
		{C7CB649A-2CD7-4505-BDC0-D25F173F406C}.Release|Any CPU.ActiveCfg = Release|x64
		{C7CB649A-2CD7-4505-BDC0-D25F173F406C}.Release|Any CPU.Build.0 = Release|x64
		{C7CB649A-2CD7-4505-BDC0-D25F173F406C}.Release|Any CPU.Deploy.0 = Release|x64
		{C7CB649A-2CD7-4505-BDC0-D25F173F406C}.Release|ARM64.ActiveCfg = Release|ARM64
		{C7CB649A-2CD7-4505-BDC0-D25F173F406C}.Release|ARM64.Build.0 = Release|ARM64
		{C7CB649A-2CD7-4505-BDC0-D25F173F406C}.Release|ARM64.Deploy.0 = Release|ARM64
		{C7CB649A-2CD7-4505-BDC0-D25F173F406C}.Release|x64.ActiveCfg = Release|x64
		{C7CB649A-2CD7-4505-BDC0-D25F173F406C}.Release|x64.Build.0 = Release|x64
		{C7CB649A-2CD7-4505-BDC0-D25F173F406C}.Release|x64.Deploy.0 = Release|x64
		{C7CB649A-2CD7-4505-BDC0-D25F173F406C}.Release|x86.ActiveCfg = Release|x86
		{C7CB649A-2CD7-4505-BDC0-D25F173F406C}.Release|x86.Build.0 = Release|x86
		{C7CB649A-2CD7-4505-BDC0-D25F173F406C}.Release|x86.Deploy.0 = Release|x86
		{7E086925-7484-491C-95C0-280B88ECF967}.Debug|Any CPU.ActiveCfg = Debug|Any CPU
		{7E086925-7484-491C-95C0-280B88ECF967}.Debug|Any CPU.Build.0 = Debug|Any CPU
		{7E086925-7484-491C-95C0-280B88ECF967}.Debug|ARM64.ActiveCfg = Debug|Any CPU
		{7E086925-7484-491C-95C0-280B88ECF967}.Debug|ARM64.Build.0 = Debug|Any CPU
		{7E086925-7484-491C-95C0-280B88ECF967}.Debug|x64.ActiveCfg = Debug|Any CPU
		{7E086925-7484-491C-95C0-280B88ECF967}.Debug|x64.Build.0 = Debug|Any CPU
		{7E086925-7484-491C-95C0-280B88ECF967}.Debug|x86.ActiveCfg = Debug|Any CPU
		{7E086925-7484-491C-95C0-280B88ECF967}.Debug|x86.Build.0 = Debug|Any CPU
		{7E086925-7484-491C-95C0-280B88ECF967}.Release|Any CPU.ActiveCfg = Release|Any CPU
		{7E086925-7484-491C-95C0-280B88ECF967}.Release|Any CPU.Build.0 = Release|Any CPU
		{7E086925-7484-491C-95C0-280B88ECF967}.Release|ARM64.ActiveCfg = Release|Any CPU
		{7E086925-7484-491C-95C0-280B88ECF967}.Release|ARM64.Build.0 = Release|Any CPU
		{7E086925-7484-491C-95C0-280B88ECF967}.Release|x64.ActiveCfg = Release|Any CPU
		{7E086925-7484-491C-95C0-280B88ECF967}.Release|x64.Build.0 = Release|Any CPU
		{7E086925-7484-491C-95C0-280B88ECF967}.Release|x86.ActiveCfg = Release|Any CPU
		{7E086925-7484-491C-95C0-280B88ECF967}.Release|x86.Build.0 = Release|Any CPU
		{82C90C1D-D6E1-4B68-8333-3666376577E9}.Debug|Any CPU.ActiveCfg = Debug|Any CPU
		{82C90C1D-D6E1-4B68-8333-3666376577E9}.Debug|Any CPU.Build.0 = Debug|Any CPU
		{82C90C1D-D6E1-4B68-8333-3666376577E9}.Debug|ARM64.ActiveCfg = Debug|Any CPU
		{82C90C1D-D6E1-4B68-8333-3666376577E9}.Debug|ARM64.Build.0 = Debug|Any CPU
		{82C90C1D-D6E1-4B68-8333-3666376577E9}.Debug|x64.ActiveCfg = Debug|Any CPU
		{82C90C1D-D6E1-4B68-8333-3666376577E9}.Debug|x64.Build.0 = Debug|Any CPU
		{82C90C1D-D6E1-4B68-8333-3666376577E9}.Debug|x86.ActiveCfg = Debug|Any CPU
		{82C90C1D-D6E1-4B68-8333-3666376577E9}.Debug|x86.Build.0 = Debug|Any CPU
		{82C90C1D-D6E1-4B68-8333-3666376577E9}.Release|Any CPU.ActiveCfg = Release|Any CPU
		{82C90C1D-D6E1-4B68-8333-3666376577E9}.Release|Any CPU.Build.0 = Release|Any CPU
		{82C90C1D-D6E1-4B68-8333-3666376577E9}.Release|ARM64.ActiveCfg = Release|Any CPU
		{82C90C1D-D6E1-4B68-8333-3666376577E9}.Release|ARM64.Build.0 = Release|Any CPU
		{82C90C1D-D6E1-4B68-8333-3666376577E9}.Release|x64.ActiveCfg = Release|Any CPU
		{82C90C1D-D6E1-4B68-8333-3666376577E9}.Release|x64.Build.0 = Release|Any CPU
		{82C90C1D-D6E1-4B68-8333-3666376577E9}.Release|x86.ActiveCfg = Release|Any CPU
		{82C90C1D-D6E1-4B68-8333-3666376577E9}.Release|x86.Build.0 = Release|Any CPU
	EndGlobalSection
	GlobalSection(SolutionProperties) = preSolution
		HideSolutionNode = FALSE
	EndGlobalSection
	GlobalSection(NestedProjects) = preSolution
		{799C4A45-107A-4CD3-8BFD-47FFDBCB2DE8} = {C78325CC-3529-4517-BF76-0ED51328EBE5}
		{4ECA741F-C41E-461F-B4C1-E8BEC7CE6CD3} = {C78325CC-3529-4517-BF76-0ED51328EBE5}
		{EFCC8B4E-2943-4FE0-A910-1140B783127E} = {C78325CC-3529-4517-BF76-0ED51328EBE5}
		{C7CB649A-2CD7-4505-BDC0-D25F173F406C} = {245E8839-C6AD-406D-B74F-24CC79A29FC2}
		{7E086925-7484-491C-95C0-280B88ECF967} = {245E8839-C6AD-406D-B74F-24CC79A29FC2}
		{82C90C1D-D6E1-4B68-8333-3666376577E9} = {5007640A-FBC5-4795-938D-9A9E64B2DC61}
	EndGlobalSection
	GlobalSection(ExtensibilityGlobals) = postSolution
		SolutionGuid = {CD58307A-861F-4D70-88AE-5F20889D432B}
	EndGlobalSection
EndGlobal
